
Microsoft Visual Studio Solution File, Format Version 12.00
# Visual Studio Version 16
VisualStudioVersion = 16.0.28809.33
MinimumVisualStudioVersion = 10.0.40219.1
Project("{2150E333-8FDC-42A3-9474-1A3956D46DE8}") = "src", "src", "{E7FBBC92-670D-48B7-A92E-851D8B15AA84}"
EndProject
Project("{FAE04EC0-301F-11D3-BF4B-00C04F79EFBC}") = "Serilog.Sinks.Mailtrap", "src\Serilog.Sinks.Mailtrap\Serilog.Sinks.Mailtrap.csproj", "{973456EB-372C-45A4-BE7B-93B67878A8DA}"
EndProject
Project("{2150E333-8FDC-42A3-9474-1A3956D46DE8}") = "test", "test", "{CC22F0BE-C359-408B-BDE1-267E01B097D5}"
EndProject
Project("{FAE04EC0-301F-11D3-BF4B-00C04F79EFBC}") = "Serilog.Sinks.Mailtrap.Tests", "test\Serilog.Sinks.Mailtrap.Tests\Serilog.Sinks.Mailtrap.Tests.csproj", "{EA1AF6B2-B39F-4544-8455-F11A9F509FC5}"
EndProject
Global
	GlobalSection(SolutionConfigurationPlatforms) = preSolution
		Debug|Any CPU = Debug|Any CPU
		Release|Any CPU = Release|Any CPU
	EndGlobalSection
	GlobalSection(ProjectConfigurationPlatforms) = postSolution
		{973456EB-372C-45A4-BE7B-93B67878A8DA}.Debug|Any CPU.ActiveCfg = Debug|Any CPU
		{973456EB-372C-45A4-BE7B-93B67878A8DA}.Debug|Any CPU.Build.0 = Debug|Any CPU
		{973456EB-372C-45A4-BE7B-93B67878A8DA}.Release|Any CPU.ActiveCfg = Release|Any CPU
		{973456EB-372C-45A4-BE7B-93B67878A8DA}.Release|Any CPU.Build.0 = Release|Any CPU
		{EA1AF6B2-B39F-4544-8455-F11A9F509FC5}.Debug|Any CPU.ActiveCfg = Debug|Any CPU
		{EA1AF6B2-B39F-4544-8455-F11A9F509FC5}.Debug|Any CPU.Build.0 = Debug|Any CPU
		{EA1AF6B2-B39F-4544-8455-F11A9F509FC5}.Release|Any CPU.ActiveCfg = Release|Any CPU
		{EA1AF6B2-B39F-4544-8455-F11A9F509FC5}.Release|Any CPU.Build.0 = Release|Any CPU
	EndGlobalSection
	GlobalSection(SolutionProperties) = preSolution
		HideSolutionNode = FALSE
	EndGlobalSection
	GlobalSection(NestedProjects) = preSolution
		{973456EB-372C-45A4-BE7B-93B67878A8DA} = {E7FBBC92-670D-48B7-A92E-851D8B15AA84}
		{EA1AF6B2-B39F-4544-8455-F11A9F509FC5} = {CC22F0BE-C359-408B-BDE1-267E01B097D5}
	EndGlobalSection
	GlobalSection(ExtensibilityGlobals) = postSolution
		SolutionGuid = {48441842-7ABD-40E6-BA4B-2F64D3FBC154}
	EndGlobalSection
EndGlobal
